Microsoft Visual Studio Solution File, Format Version 12.00
# Visual Studio Version 17
VisualStudioVersion = 17.5.2.0
MinimumVisualStudioVersion = 10.0.40219.1
Project("{FAE04EC0-301F-11D3-BF4B-00C04F79EFBC}") = "PUC-Algoritmos-Tecnicas-Programacao", "PUC-Algoritmos-Tecnicas-Programacao.csproj", "{E79B7C35-846A-DF26-621A-8372C6517163}"
EndProject
Global
	GlobalSection(SolutionConfigurationPlatforms) = preSolution
		Debug|Any CPU = Debug|Any CPU
		Release|Any CPU = Release|Any CPU
	EndGlobalSection
	GlobalSection(ProjectConfigurationPlatforms) = postSolution
		{E79B7C35-846A-DF26-621A-8372C6517163}.Debug|Any CPU.ActiveCfg = Debug|Any CPU
		{E79B7C35-846A-DF26-621A-8372C6517163}.Debug|Any CPU.Build.0 = Debug|Any CPU
		{E79B7C35-846A-DF26-621A-8372C6517163}.Release|Any CPU.ActiveCfg = Release|Any CPU
		{E79B7C35-846A-DF26-621A-8372C6517163}.Release|Any CPU.Build.0 = Release|Any CPU
	EndGlobalSection
	GlobalSection(SolutionProperties) = preSolution
		HideSolutionNode = FALSE
	EndGlobalSection
	GlobalSection(ExtensibilityGlobals) = postSolution
		SolutionGuid = {E0F993FC-C889-4414-A049-595462AE55C8}
	EndGlobalSection
EndGlobal
